
Microsoft Visual Studio Solution File, Format Version 12.00
# Visual Studio Version 16
VisualStudioVersion = 16.0.810.13
MinimumVisualStudioVersion = 10.0.40219.1
Project("{FAE04EC0-301F-11D3-BF4B-00C04F79EFBC}") = "GreenOnion.Server", "Server\GreenOnion.Server.csproj", "{8FFADC42-38E9-4376-8157-4DC308A8E69D}"
EndProject
Project("{FAE04EC0-301F-11D3-BF4B-00C04F79EFBC}") = "GreenOnion.Client", "Client\GreenOnion.Client.csproj", "{C15B99FF-7D43-46BA-9176-899882E18267}"
EndProject
Project("{FAE04EC0-301F-11D3-BF4B-00C04F79EFBC}") = "GreenOnion.Shared", "Shared\GreenOnion.Shared.csproj", "{20912863-FF76-4520-97E9-F466224C231F}"
EndProject
Global
	GlobalSection(SolutionConfigurationPlatforms) = preSolution
		Debug|Any CPU = Debug|Any CPU
		Release|Any CPU = Release|Any CPU
	EndGlobalSection
	GlobalSection(ProjectConfigurationPlatforms) = postSolution
		{8FFADC42-38E9-4376-8157-4DC308A8E69D}.Debug|Any CPU.ActiveCfg = Debug|Any CPU
		{8FFADC42-38E9-4376-8157-4DC308A8E69D}.Debug|Any CPU.Build.0 = Debug|Any CPU
		{8FFADC42-38E9-4376-8157-4DC308A8E69D}.Release|Any CPU.ActiveCfg = Release|Any CPU
		{8FFADC42-38E9-4376-8157-4DC308A8E69D}.Release|Any CPU.Build.0 = Release|Any CPU
		{C15B99FF-7D43-46BA-9176-899882E18267}.Debug|Any CPU.ActiveCfg = Debug|Any CPU
		{C15B99FF-7D43-46BA-9176-899882E18267}.Debug|Any CPU.Build.0 = Debug|Any CPU
		{C15B99FF-7D43-46BA-9176-899882E18267}.Release|Any CPU.ActiveCfg = Release|Any CPU
		{C15B99FF-7D43-46BA-9176-899882E18267}.Release|Any CPU.Build.0 = Release|Any CPU
		{20912863-FF76-4520-97E9-F466224C231F}.Debug|Any CPU.ActiveCfg = Debug|Any CPU
		{20912863-FF76-4520-97E9-F466224C231F}.Debug|Any CPU.Build.0 = Debug|Any CPU
		{20912863-FF76-4520-97E9-F466224C231F}.Release|Any CPU.ActiveCfg = Release|Any CPU
		{20912863-FF76-4520-97E9-F466224C231F}.Release|Any CPU.Build.0 = Release|Any CPU
	EndGlobalSection
	GlobalSection(SolutionProperties) = preSolution
		HideSolutionNode = FALSE
	EndGlobalSection
	GlobalSection(ExtensibilityGlobals) = postSolution
		SolutionGuid = {46B7F70A-1E14-40AB-BE38-A369CE7EAD8B}
	EndGlobalSection
EndGlobal
